
Microsoft Visual Studio Solution File, Format Version 12.00
Project("{FAE04EC0-301F-11D3-BF4B-00C04F79EFBC}") = "Host", "Host\Host.csproj", "{C0206269-A0EE-4730-9AE8-1DA645311E75}"
EndProject
Project("{FAE04EC0-301F-11D3-BF4B-00C04F79EFBC}") = "Analyzer", "Analyzer\Analyzer.csproj", "{B7AC56CE-3449-460B-AF23-0F431B0EB94C}"
EndProject
Project("{FAE04EC0-301F-11D3-BF4B-00C04F79EFBC}") = "Analyzer.Tests", "Analyzer.Tests\Analyzer.Tests.csproj", "{834D23DF-9952-486B-AB93-D22266F22B7A}"
EndProject
Project("{2150E333-8FDC-42A3-9474-1A3956D46DE8}") = "SolutionFolder", "SolutionFolder", "{8A15CE83-7B45-4AA7-90BB-EF3BDFC866A9}"
ProjectSection(SolutionItems) = preProject
	.gitignore = .gitignore
	global.json = global.json
EndProjectSection
EndProject
Global
	GlobalSection(SolutionConfigurationPlatforms) = preSolution
		Debug|Any CPU = Debug|Any CPU
		Release|Any CPU = Release|Any CPU
	EndGlobalSection
	GlobalSection(ProjectConfigurationPlatforms) = postSolution
		{C0206269-A0EE-4730-9AE8-1DA645311E75}.Debug|Any CPU.ActiveCfg = Debug|Any CPU
		{C0206269-A0EE-4730-9AE8-1DA645311E75}.Debug|Any CPU.Build.0 = Debug|Any CPU
		{C0206269-A0EE-4730-9AE8-1DA645311E75}.Release|Any CPU.ActiveCfg = Release|Any CPU
		{C0206269-A0EE-4730-9AE8-1DA645311E75}.Release|Any CPU.Build.0 = Release|Any CPU
		{B7AC56CE-3449-460B-AF23-0F431B0EB94C}.Debug|Any CPU.ActiveCfg = Debug|Any CPU
		{B7AC56CE-3449-460B-AF23-0F431B0EB94C}.Debug|Any CPU.Build.0 = Debug|Any CPU
		{B7AC56CE-3449-460B-AF23-0F431B0EB94C}.Release|Any CPU.ActiveCfg = Release|Any CPU
		{B7AC56CE-3449-460B-AF23-0F431B0EB94C}.Release|Any CPU.Build.0 = Release|Any CPU
		{834D23DF-9952-486B-AB93-D22266F22B7A}.Debug|Any CPU.ActiveCfg = Debug|Any CPU
		{834D23DF-9952-486B-AB93-D22266F22B7A}.Debug|Any CPU.Build.0 = Debug|Any CPU
		{834D23DF-9952-486B-AB93-D22266F22B7A}.Release|Any CPU.ActiveCfg = Release|Any CPU
		{834D23DF-9952-486B-AB93-D22266F22B7A}.Release|Any CPU.Build.0 = Release|Any CPU
	EndGlobalSection
EndGlobal
